# Pinned dataset versions, managed by `dload pin`.
[datasets]
AVQ = "50dd53d1a6c0ab81fe02e4a40a57557a0a2b1c1b85152470edd12aa6d0725f39"
AVQ-egonoise = "b43b374b007a0d5c9575dd2feacd31a05097d0c436629819b936273f17cf7703"
AVQ-egonoise-vkrps = "266f5241bfb0cfa37d34ca5091ba6475eb4c7348de522ac4eb672c0107ef703f"
AVQ-raw = "0e17e52b16c32f50dbe0d98024bf44797b731fab1df0b7d79c67c64c1444fb36"
AeroSonicDB = "0d5543419ea5aa56ea163ec960ef4f5d156dcbac1629cdeaaf8c5e4fd7bcd9e7"
DN-LM-train = "4576c1679b3b0ba1b4b56232fa4a524c96bd8a84baa9c5af22b9f1221aa1bb4d"
DN-LM-valid = "f6e7038600b9b0e36743daacadfd36c5714b7cda71200668d8c612b001b0794c"
DREGON = "db39bcf762d0b2beb3433fc2760da6a55e078f8134f8bb074ee8bf985a5ffc03"
DREGON-LM-V2-train = "8a81bf7b7b5dc8a86178627b981786439d4430dcf43542d958817faf7de3d5df"
DREGON-LM-V2-valid = "1eb8384871be0325804e3eac58281151580c59c7d4ad147dabcf3e91ca654822"
DREGON-LM-V3-train = "b6c549e51b1ff912c6733031199251ccad9a4787477c9459d353f1bfffbdcf9b"
DREGON-LM-V3-valid = "ecf5b40815371ef315081f91c997ccacb23229d253d57ef869fc6d0e46bc076f"
DREGON-LM-V4-michaels-train = "d34491ac66c6542d265f317cffe9514a12941ae1f6b85c6c4e4aecc092a7c4e4"
DREGON-LM-V4-michaels-valid = "b6ece43d7cef2745972681d732cd61d5cc71eb24b0f32c17d126433fc95b7d6e"
DREGON-LM-V4-michaels-valid-full = "9604f3ffc2c935e2ba2be52bd96c602d02a6999f1d683ee89fa1b0e28fafc4a9"
DREGON-LM-V4-michaels-valid-full-nospeech = "01dfb417af7b0852d2e35db004ba3b1b4d79b50facae70fe0d875aa3c6cf5880"
DREGON-LM-V4-train = "4977b1636e883ff3e9a732d414082beaaee1ef3dfb529f1745e8d619a867b6d5"
DREGON-LM-V4-valid = "a9b95f6a7e3116522bbdfcad185dc0be6a9b2042eaf4cbf2dfad6fe69cc270eb"
DREGON-LM-rps_eval_long_samples = "23cec06d3d72393e0de87d73921d3839855aaf139565c26351a0ba7aebb13a2b"
DREGON-LM-rps_eval_specific_samples = "3a68a1c2292cbf459a601f469b5ba1a281ae78c8e55ef997acb5fd3eb39c9899"
DREGON-LM-rps_train_specific_samples = "e22bd2e76ce8b4314632547321470a59a403c34226daaddeab071475fc9971ca"
DREGON-LM-test-train = "dcd88f14236003d76015b4561501a621676fe5ce74b3d9e6adfbe27118b0e528"
DREGON-LM-test-valid = "1d4db5744f513e0a8f0c2d07ade91831ef7c28265d260ee60e5c5a326dc74098"
DREGON-LM-train = "2a2bbbbdcda16a527ada75a121b96e51a14a3626e9695c8e6595567498a02fee"
DREGON-LM-valid = "653b09a3c46214ab9b73f6e3d6cdcd35e3b4bd8f78423c2eaf6fa9ac7b46a636"
DREGON-frames = "298e77d4cb96fd1fcce052360b6c669ea403596c89aaed8c00e1e83d1d159279"
DroneAudioSet = "93208d0cdcb0807e1f68344f18b8ccf34142ffe582f9d9b29c8529821f17acd7"
HUSTmotor = "6ba84d4a296046f32a591841b1c4633f70946ba1f683a29216156e5d09d13250"
HornBase = "e93aaf40c10e9fb4a1f0478ba24d85c7e1559e5a053bcb49ccb2fda7fe237f42"
KAIST-rotating-acoustic = "8137bf61f54c3e0a20a48692e0f47414ddcd5ce2c3fc3d185fb353ca30e9f873"
MIMII = "eaf18a10897c895886573497f3812258fa05769f50a35f2c6b48ade27bc33ea5"
MIMII-DG = "5aa904eb94fcbbcd504b2f2da149f29f2ec03f1fd1357fe50f95583d1338766f"
SE-valid-avq-split = "681bf90cf1c69c3e07947db2155ee7b859ac3d480dfa6580ba107149f353dffc"
SE-valid-avq-survey = "95378d78ccf177b99cd3da020e3a1cacb5ccbe5ceb8ca141755955b8b69ea72f"
SE-valid-drone = "84a1bcc899ed9f5d53d99cb80d62dacdb25070ce8e36719d887ffb13c0eebd99"
SE-valid-harmonic = "32fc43a305d6affd948fd691bd70a5be6e4d2958479d4dd6b5039e62b1e06ca2"
SPCUP19-egonoise = "043e0a4e8264ebed3588c7706f6b23d25164e442d0e8129a7602f05b2852298b"
beatvk-valid-raw = "54849c13ed3a29fa3516503ac291539b3fb2004b22b8b0a549827d0a60c06b86"
decomp-frames-v1 = "d2603203d9a508e86fd867f789a00236498f03332ff377548ad84e227dfd17ad"
decomp-frames-v2 = "d42834f57d07b6ccd1c9c94f903382a3b7835d8a2a9ecc1ca90a00ceed10e8b2"
drone-detection-samples = "77b8a98db0654c71254d6da5bc5f89b59009ad48e6fa14d9a44eb2a7f62530fc"
drone_audio = "b6c77a68c55dedec11750a3784c10833e7db981fab6ef00380300a9e4d382b95"
librispeech = "b674a6d0c4e9d598e7f12400d75e7f21b9bea72845aa3bcb37f5b96d56f73783"
michaels-frames = "8e9d149560dd5d5fa8aaa87e7ea537d7e4d96e829e874dab7d9c92621cca6e46"
michaels-test-frames = "353cc523d6091e1eed80a71e808e177ac037977a9031d9a0e030071d9f338991"
music = "c5112a018810fd2dc2c0a1ca55e717d80cd54c2462f0378ff17501557f876d46"
new-drone-noises = "158b780aaaf27af03ed995707d8a93e62e3fce7246132b815d52cfc225dcc774"
recording_with_motor_speed = "5b7eab554710c3d83667085c8f5ca256322ec10e2cffae6002443f63b05257b4"
zenodo_drone_noises = "a5d0ed89df141780502eef5084bb722ec2d38b4418ff7d0a573dd26f2eea28c6"
